<?xml version="1.0" encoding="utf-8"?>
<Project ToolsVersion="4.0" xmlns="http://schemas.microsoft.com/developer/msbuild/2003">
  <ItemGroup>
    <Filter Include="Source Files">
      <UniqueIdentifier>{4FC737F1-C7A5-4376-A066-2A32D752A2FF}</UniqueIdentifier>
      <Extensions>cpp;c;cc;cxx;def;odl;idl;hpj;bat;asm;asmx</Extensions>
    </Filter>
    <Filter Include="Header Files">
      <UniqueIdentifier>{93995380-89BD-4b04-88EB-625FBE52EBFB}</UniqueIdentifier>
      <Extensions>h;hh;hpp;hxx;hm;inl;inc;xsd</Extensions>
    </Filter>
  </ItemGroup>
  <ItemGroup>
    <ClCompile Include="main.cpp">
      <Filter>Source Files</Filter>
    </ClCompile>
    <ClCompile Include="GameApplication.cpp">
      <Filter>Source Files</Filter>
    </ClCompile>
    <ClCompile Include="Tetromino.cpp">
      <Filter>Source Files</Filter>
    </ClCompile>
    <ClCompile Include="TetrisPlayField.cpp">
      <Filter>Source Files</Filter>
    </ClCompile>
    <ClCompile Include="DRS.cpp">
      <Filter>Source Files</Filter>
    </ClCompile>
    <ClCompile Include="RotationSystem.cpp">
      <Filter>Source Files</Filter>
    </ClCompile>
    <ClCompile Include="Block.cpp">
      <Filter>Source Files</Filter>
    </ClCompile>
    <ClCompile Include="Escape\src\AssetManager.cpp">
      <Filter>Source Files</Filter>
    </ClCompile>
    <ClCompile Include="Escape\src\Object.cpp">
      <Filter>Source Files</Filter>
    </ClCompile>
    <ClCompile Include="Escape\src\RandomGenerator.cpp">
      <Filter>Source Files</Filter>
    </ClCompile>
    <ClCompile Include="TetrisPlayFieldBackground.cpp">
      <Filter>Source Files</Filter>
    </ClCompile>
    <ClCompile Include="TetrominoDropper.cpp">
      <Filter>Source Files</Filter>
    </ClCompile>
    <ClCompile Include="SRS.cpp">
      <Filter>Source Files</Filter>
    </ClCompile>
    <ClCompile Include="Mimic.cpp">
      <Filter>Source Files</Filter>
    </ClCompile>
    <ClCompile Include="TetrominoFactory.cpp">
      <Filter>Source Files</Filter>
    </ClCompile>
    <ClCompile Include="Scorer.cpp">
      <Filter>Source Files</Filter>
    </ClCompile>
  </ItemGroup>
  <ItemGroup>
    <ClInclude Include="GameApplication.hpp">
      <Filter>Header Files</Filter>
    </ClInclude>
    <ClInclude Include="Tetromino.hpp">
      <Filter>Header Files</Filter>
    </ClInclude>
    <ClInclude Include="TetrisPlayField.hpp">
      <Filter>Header Files</Filter>
    </ClInclude>
    <ClInclude Include="RotationSystem.hpp">
      <Filter>Header Files</Filter>
    </ClInclude>
    <ClInclude Include="DRS.hpp">
      <Filter>Header Files</Filter>
    </ClInclude>
    <ClInclude Include="Block.hpp">
      <Filter>Header Files</Filter>
    </ClInclude>
    <ClInclude Include="Escape\include\Asset.hpp">
      <Filter>Header Files</Filter>
    </ClInclude>
    <ClInclude Include="Escape\include\AssetManager.hpp">
      <Filter>Header Files</Filter>
    </ClInclude>
    <ClInclude Include="Escape\include\IAsset.hpp">
      <Filter>Header Files</Filter>
    </ClInclude>
    <ClInclude Include="Escape\include\ILayer.hpp">
      <Filter>Header Files</Filter>
    </ClInclude>
    <ClInclude Include="Escape\include\Object.hpp">
      <Filter>Header Files</Filter>
    </ClInclude>
    <ClInclude Include="Escape\include\IAssetManager.hpp">
      <Filter>Header Files</Filter>
    </ClInclude>
    <ClInclude Include="Escape\include\ObjectLayer.hpp">
      <Filter>Header Files</Filter>
    </ClInclude>
    <ClInclude Include="Escape\include\RandomGenerator.hpp">
      <Filter>Header Files</Filter>
    </ClInclude>
    <ClInclude Include="TetrisPlayFieldBackground.hpp">
      <Filter>Header Files</Filter>
    </ClInclude>
    <ClInclude Include="TetrominoDropper.hpp">
      <Filter>Header Files</Filter>
    </ClInclude>
    <ClInclude Include="Escape\include\IDrawableObject.hpp">
      <Filter>Header Files</Filter>
    </ClInclude>
    <ClInclude Include="Escape\include\IUpdatableObject.hpp">
      <Filter>Header Files</Filter>
    </ClInclude>
    <ClInclude Include="SRS.hpp">
      <Filter>Header Files</Filter>
    </ClInclude>
    <ClInclude Include="TetrominoType.hpp">
      <Filter>Header Files</Filter>
    </ClInclude>
    <ClInclude Include="Mimic.hpp">
      <Filter>Header Files</Filter>
    </ClInclude>
    <ClInclude Include="TetrominoFactory.hpp">
      <Filter>Header Files</Filter>
    </ClInclude>
    <ClInclude Include="Scorer.hpp">
      <Filter>Header Files</Filter>
    </ClInclude>
  </ItemGroup>
  <ItemGroup>
    <None Include=".gitattributes" />
    <None Include=".gitignore" />
    <None Include="LICENSE" />
    <None Include="README.md" />
    <None Include="bin\debug\sfml-audio-d-2.dll" />
    <None Include="bin\debug\sfml-graphics-d-2.dll" />
    <None Include="bin\debug\sfml-network-d-2.dll" />
    <None Include="bin\debug\sfml-system-d-2.dll" />
    <None Include="bin\debug\sfml-window-d-2.dll" />
    <None Include="bin\debug\Tetris SFML.exe" />
    <None Include="bin\release\Tetris SFML.exe" />
    <None Include="bin\release\sfml-window-2.dll" />
    <None Include="bin\release\sfml-system-2.dll" />
    <None Include="bin\release\sfml-network-2.dll" />
    <None Include="bin\release\sfml-graphics-2.dll" />
    <None Include="bin\release\sfml-audio-2.dll" />
  </ItemGroup>
  <ItemGroup>
    <Text Include="To Do.txt" />
  </ItemGroup>
  <ItemGroup>
    <Image Include="asset\textures\" />
    <Image Include="asset\textures" />
    <Image Include="content\asset\textures\yellow_block.png" />
    <Image Include="content\asset\textures\sample.png" />
    <Image Include="content\asset\textures\red_block.png" />
    <Image Include="content\asset\textures\purple_block.png" />
    <Image Include="content\asset\textures\orange_block.png" />
    <Image Include="content\asset\textures\minos_sheet.png" />
    <Image Include="content\asset\textures\marked_block.png" />
    <Image Include="content\asset\textures\ghost_block.png" />
    <Image Include="content\asset\textures\green_block.png" />
    <Image Include="content\asset\textures\cyan_block.png" />
    <Image Include="content\asset\textures\blue_block.png" />
    <Image Include="bin\debug\asset\textures\blue_block.png" />
    <Image Include="bin\debug\asset\textures\yellow_block.png" />
    <Image Include="bin\debug\asset\textures\sample.png" />
    <Image Include="bin\debug\asset\textures\red_block.png" />
    <Image Include="bin\debug\asset\textures\purple_block.png" />
    <Image Include="bin\debug\asset\textures\orange_block.png" />
    <Image Include="bin\debug\asset\textures\marked_block.png" />
    <Image Include="bin\debug\asset\textures\minos_sheet.png" />
    <Image Include="bin\debug\asset\textures\ghost_block.png" />
    <Image Include="bin\debug\asset\textures\green_block.png" />
    <Image Include="bin\debug\asset\textures\cyan_block.png" />
    <Image Include="bin\release\asset\textures\yellow_block.png" />
    <Image Include="bin\release\asset\textures\sample.png" />
    <Image Include="bin\release\asset\textures\red_block.png" />
    <Image Include="bin\release\asset\textures\purple_block.png" />
    <Image Include="bin\release\asset\textures\orange_block.png" />
    <Image Include="bin\release\asset\textures\minos_sheet.png" />
    <Image Include="bin\release\asset\textures\marked_block.png" />
    <Image Include="bin\release\asset\textures\green_block.png" />
    <Image Include="bin\release\asset\textures\ghost_block.png" />
    <Image Include="bin\release\asset\textures\cyan_block.png" />
    <Image Include="bin\release\asset\textures\blue_block.png" />
  </ItemGroup>
</Project>